
Microsoft Visual Studio Solution File, Format Version 12.00
# Visual Studio 14
VisualStudioVersion = 14.0.23107.0
MinimumVisualStudioVersion = 10.0.40219.1
Project("{FAE04EC0-301F-11D3-BF4B-00C04F79EFBC}") = "MonsterGirlsPlayerExample", "MonsterGirlsPlayerExample\MonsterGirlsPlayerExample.csproj", "{3EFDBF31-C065-4F7B-AADE-3B097B6046CE}"
EndProject
Project("{FAE04EC0-301F-11D3-BF4B-00C04F79EFBC}") = "MonsterGirlsPlayer", "..\..\source\Spinpreach.MonsterGirlsPlayer\MonsterGirlsPlayer.csproj", "{A9E22C1B-AEA5-4E65-A50C-CF45E2B941D4}"
EndProject
Global
	GlobalSection(SolutionConfigurationPlatforms) = preSolution
		Debug|Any CPU = Debug|Any CPU
		Release|Any CPU = Release|Any CPU
	EndGlobalSection
	GlobalSection(ProjectConfigurationPlatforms) = postSolution
		{3EFDBF31-C065-4F7B-AADE-3B097B6046CE}.Debug|Any CPU.ActiveCfg = Debug|Any CPU
		{3EFDBF31-C065-4F7B-AADE-3B097B6046CE}.Debug|Any CPU.Build.0 = Debug|Any CPU
		{3EFDBF31-C065-4F7B-AADE-3B097B6046CE}.Release|Any CPU.ActiveCfg = Release|Any CPU
		{3EFDBF31-C065-4F7B-AADE-3B097B6046CE}.Release|Any CPU.Build.0 = Release|Any CPU
		{A9E22C1B-AEA5-4E65-A50C-CF45E2B941D4}.Debug|Any CPU.ActiveCfg = Debug|Any CPU
		{A9E22C1B-AEA5-4E65-A50C-CF45E2B941D4}.Debug|Any CPU.Build.0 = Debug|Any CPU
		{A9E22C1B-AEA5-4E65-A50C-CF45E2B941D4}.Release|Any CPU.ActiveCfg = Release|Any CPU
		{A9E22C1B-AEA5-4E65-A50C-CF45E2B941D4}.Release|Any CPU.Build.0 = Release|Any CPU
	EndGlobalSection
	GlobalSection(SolutionProperties) = preSolution
		HideSolutionNode = FALSE
	EndGlobalSection
EndGlobal
