
Microsoft Visual Studio Solution File, Format Version 12.00
# Visual Studio 14
VisualStudioVersion = 14.0.23107.0
MinimumVisualStudioVersion = 10.0.40219.1
Project("{FAE04EC0-301F-11D3-BF4B-00C04F79EFBC}") = "SpinEverydayBrowser", "Spinpreach.SpinEverydayBrowser\SpinEverydayBrowser.csproj", "{414B7192-D341-44B9-8B54-D6735ED17B7B}"
EndProject
Project("{FAE04EC0-301F-11D3-BF4B-00C04F79EFBC}") = "MonsterGirlsDataBase", "Spinpreach.MonsterGirlsDataBase\MonsterGirlsDataBase.csproj", "{DA2AD73C-17AE-4BCB-A72E-1CD9E49DFB0F}"
EndProject
Project("{FAE04EC0-301F-11D3-BF4B-00C04F79EFBC}") = "MonsterGirlsPlayer", "Spinpreach.MonsterGirlsPlayer\MonsterGirlsPlayer.csproj", "{A9E22C1B-AEA5-4E65-A50C-CF45E2B941D4}"
EndProject
Global
	GlobalSection(SolutionConfigurationPlatforms) = preSolution
		Debug|Any CPU = Debug|Any CPU
		Release|Any CPU = Release|Any CPU
	EndGlobalSection
	GlobalSection(ProjectConfigurationPlatforms) = postSolution
		{414B7192-D341-44B9-8B54-D6735ED17B7B}.Debug|Any CPU.ActiveCfg = Debug|Any CPU
		{414B7192-D341-44B9-8B54-D6735ED17B7B}.Debug|Any CPU.Build.0 = Debug|Any CPU
		{414B7192-D341-44B9-8B54-D6735ED17B7B}.Release|Any CPU.ActiveCfg = Release|Any CPU
		{414B7192-D341-44B9-8B54-D6735ED17B7B}.Release|Any CPU.Build.0 = Release|Any CPU
		{DA2AD73C-17AE-4BCB-A72E-1CD9E49DFB0F}.Debug|Any CPU.ActiveCfg = Debug|Any CPU
		{DA2AD73C-17AE-4BCB-A72E-1CD9E49DFB0F}.Debug|Any CPU.Build.0 = Debug|Any CPU
		{DA2AD73C-17AE-4BCB-A72E-1CD9E49DFB0F}.Release|Any CPU.ActiveCfg = Release|Any CPU
		{DA2AD73C-17AE-4BCB-A72E-1CD9E49DFB0F}.Release|Any CPU.Build.0 = Release|Any CPU
		{A9E22C1B-AEA5-4E65-A50C-CF45E2B941D4}.Debug|Any CPU.ActiveCfg = Debug|Any CPU
		{A9E22C1B-AEA5-4E65-A50C-CF45E2B941D4}.Debug|Any CPU.Build.0 = Debug|Any CPU
		{A9E22C1B-AEA5-4E65-A50C-CF45E2B941D4}.Release|Any CPU.ActiveCfg = Release|Any CPU
		{A9E22C1B-AEA5-4E65-A50C-CF45E2B941D4}.Release|Any CPU.Build.0 = Release|Any CPU
	EndGlobalSection
	GlobalSection(SolutionProperties) = preSolution
		HideSolutionNode = FALSE
	EndGlobalSection
EndGlobal
